
Microsoft Visual Studio Solution File, Format Version 12.00
# Visual Studio Version 17
VisualStudioVersion = 17.10.34928.147
MinimumVisualStudioVersion = 10.0.40219.1
Project("{FAE04EC0-301F-11D3-BF4B-00C04F79EFBC}") = "ClotheStore", "ClotheStore\ClotheStore.csproj", "{B84557D9-00E4-4372-BC50-7F2248CB6B95}"
EndProject
Global
	GlobalSection(SolutionConfigurationPlatforms) = preSolution
		Debug|Any CPU = Debug|Any CPU
		Release|Any CPU = Release|Any CPU
	EndGlobalSection
	GlobalSection(ProjectConfigurationPlatforms) = postSolution
		{B84557D9-00E4-4372-BC50-7F2248CB6B95}.Debug|Any CPU.ActiveCfg = Debug|Any CPU
		{B84557D9-00E4-4372-BC50-7F2248CB6B95}.Debug|Any CPU.Build.0 = Debug|Any CPU
		{B84557D9-00E4-4372-BC50-7F2248CB6B95}.Release|Any CPU.ActiveCfg = Release|Any CPU
		{B84557D9-00E4-4372-BC50-7F2248CB6B95}.Release|Any CPU.Build.0 = Release|Any CPU
	EndGlobalSection
	GlobalSection(SolutionProperties) = preSolution
		HideSolutionNode = FALSE
	EndGlobalSection
	GlobalSection(ExtensibilityGlobals) = postSolution
		SolutionGuid = {66A15E68-8814-40F3-AC6A-82942A953D92}
	EndGlobalSection
EndGlobal
